
Microsoft Visual Studio Solution File, Format Version 12.00
# Visual Studio Version 17
VisualStudioVersion = 17.3.32804.467
MinimumVisualStudioVersion = 10.0.40219.1
Project("{FAE04EC0-301F-11D3-BF4B-00C04F79EFBC}") = "Test", "Test\Test.csproj", "{707A381B-4D73-4E56-B670-69D75343BBD3}"
EndProject
Global
	GlobalSection(SolutionConfigurationPlatforms) = preSolution
		Debug|Any CPU = Debug|Any CPU
		Release|Any CPU = Release|Any CPU
	EndGlobalSection
	GlobalSection(ProjectConfigurationPlatforms) = postSolution
		{707A381B-4D73-4E56-B670-69D75343BBD3}.Debug|Any CPU.ActiveCfg = Debug|Any CPU
		{707A381B-4D73-4E56-B670-69D75343BBD3}.Debug|Any CPU.Build.0 = Debug|Any CPU
		{707A381B-4D73-4E56-B670-69D75343BBD3}.Release|Any CPU.ActiveCfg = Release|Any CPU
		{707A381B-4D73-4E56-B670-69D75343BBD3}.Release|Any CPU.Build.0 = Release|Any CPU
	EndGlobalSection
	GlobalSection(SolutionProperties) = preSolution
		HideSolutionNode = FALSE
	EndGlobalSection
	GlobalSection(ExtensibilityGlobals) = postSolution
		SolutionGuid = {C7738B34-9E8F-416D-A265-94E0B829816D}
	EndGlobalSection
EndGlobal
